// !$*UTF8*$!
{
	archiveVersion = 1;
	classes = {
	};
	objectVersion = 50;
	objects = {

/* Begin PBXBuildFile section */
		1617723B216807CD00A18DD9 /* AppDelegate.swift in Sources */ = {isa = PBXBuildFile; fileRef = 1617723A216807CD00A18DD9 /* AppDelegate.swift */; };
		16177240216807CD00A18DD9 /* Main.storyboard in Resources */ = {isa = PBXBuildFile; fileRef = 1617723E216807CD00A18DD9 /* Main.storyboard */; };
		16177243216807CD00A18DD9 /* DocumentsSearch.xcdatamodeld in Sources */ = {isa = PBXBuildFile; fileRef = 16177241216807CD00A18DD9 /* DocumentsSearch.xcdatamodeld */; };
		16177245216807CF00A18DD9 /* Assets.xcassets in Resources */ = {isa = PBXBuildFile; fileRef = 16177244216807CF00A18DD9 /* Assets.xcassets */; };
		16177248216807CF00A18DD9 /* LaunchScreen.storyboard in Resources */ = {isa = PBXBuildFile; fileRef = 16177246216807CF00A18DD9 /* LaunchScreen.storyboard */; };
		161772502168088900A18DD9 /* DocumentViewController.swift in Sources */ = {isa = PBXBuildFile; fileRef = 1617724F2168088900A18DD9 /* DocumentViewController.swift */; };
		161772522168089C00A18DD9 /* DocumentsViewController.swift in Sources */ = {isa = PBXBuildFile; fileRef = 161772512168089C00A18DD9 /* DocumentsViewController.swift */; };
		16177254216808AD00A18DD9 /* DocumentTableViewCell.swift in Sources */ = {isa = PBXBuildFile; fileRef = 16177253216808AD00A18DD9 /* DocumentTableViewCell.swift */; };
		1617725721680F8C00A18DD9 /* Document+CoreDataClass.swift in Sources */ = {isa = PBXBuildFile; fileRef = 1617725521680F8C00A18DD9 /* Document+CoreDataClass.swift */; };
		1617725821680F8C00A18DD9 /* Document+CoreDataProperties.swift in Sources */ = {isa = PBXBuildFile; fileRef = 1617725621680F8C00A18DD9 /* Document+CoreDataProperties.swift */; };
		1617725A2168162F00A18DD9 /* search.swift in Sources */ = {isa = PBXBuildFile; fileRef = 161772592168162F00A18DD9 /* search.swift */; };
/* End PBXBuildFile section */

/* Begin PBXFileReference section */
		16177237216807CD00A18DD9 /* DocumentsSearch.app */ = {isa = PBXFileReference; explicitFileType = wrapper.application; includeInIndex = 0; path = DocumentsSearch.app; sourceTree = BUILT_PRODUCTS_DIR; };
		1617723A216807CD00A18DD9 /* AppDelegate.swift */ = {isa = PBXFileReference; lastKnownFileType = sourcecode.swift; path = AppDelegate.swift; sourceTree = "<group>"; };
		1617723F216807CD00A18DD9 /* Base */ = {isa = PBXFileReference; lastKnownFileType = file.storyboard; name = Base; path = Base.lproj/Main.storyboard; sourceTree = "<group>"; };
		16177242216807CD00A18DD9 /* DocumentsSearch.xcdatamodel */ = {isa = PBXFileReference; lastKnownFileType = wrapper.xcdatamodel; path = DocumentsSearch.xcdatamodel; sourceTree = "<group>"; };
		16177244216807CF00A18DD9 /* Assets.xcassets */ = {isa = PBXFileReference; lastKnownFileType = folder.assetcatalog; path = Assets.xcassets; sourceTree = "<group>"; };
		16177247216807CF00A18DD9 /* Base */ = {isa = PBXFileReference; lastKnownFileType = file.storyboard; name = Base; path = Base.lproj/LaunchScreen.storyboard; sourceTree = "<group>"; };
		16177249216807CF00A18DD9 /* Info.plist */ = {isa = PBXFileReference; lastKnownFileType = text.plist.xml; path = Info.plist; sourceTree = "<group>"; };
		1617724F2168088900A18DD9 /* DocumentViewController.swift */ = {isa = PBXFileReference; lastKnownFileType = sourcecode.swift; path = DocumentViewController.swift; sourceTree = "<group>"; };
		161772512168089C00A18DD9 /* DocumentsViewController.swift */ = {isa = PBXFileReference; lastKnownFileType = sourcecode.swift; path = DocumentsViewController.swift; sourceTree = "<group>"; };
		16177253216808AD00A18DD9 /* DocumentTableViewCell.swift */ = {isa = PBXFileReference; lastKnownFileType = sourcecode.swift; path = DocumentTableViewCell.swift; sourceTree = "<group>"; };
		1617725521680F8C00A18DD9 /* Document+CoreDataClass.swift */ = {isa = PBXFileReference; lastKnownFileType = sourcecode.swift; path = "Document+CoreDataClass.swift"; sourceTree = "<group>"; };
		1617725621680F8C00A18DD9 /* Document+CoreDataProperties.swift */ = {isa = PBXFileReference; lastKnownFileType = sourcecode.swift; path = "Document+CoreDataProperties.swift"; sourceTree = "<group>"; };
		161772592168162F00A18DD9 /* search.swift */ = {isa = PBXFileReference; lastKnownFileType = sourcecode.swift; path = search.swift; sourceTree = "<group>"; };
/* End PBXFileReference section */

/* Begin PBXFrameworksBuildPhase section */
		16177234216807CD00A18DD9 /* Frameworks */ = {
			isa = PBXFrameworksBuildPhase;
			buildActionMask = 2147483647;
			files = (
			);
			runOnlyForDeploymentPostprocessing = 0;
		};
/* End PBXFrameworksBuildPhase section */

/* Begin PBXGroup section */
		1617722E216807CD00A18DD9 = {
			isa = PBXGroup;
			children = (
				16177239216807CD00A18DD9 /* DocumentsSearch */,
				16177238216807CD00A18DD9 /* Products */,
			);
			sourceTree = "<group>";
		};
		16177238216807CD00A18DD9 /* Products */ = {
			isa = PBXGroup;
			children = (
				16177237216807CD00A18DD9 /* DocumentsSearch.app */,
			);
			name = Products;
			sourceTree = "<group>";
		};
		16177239216807CD00A18DD9 /* DocumentsSearch */ = {
			isa = PBXGroup;
			children = (
				1617725521680F8C00A18DD9 /* Document+CoreDataClass.swift */,
				1617725621680F8C00A18DD9 /* Document+CoreDataProperties.swift */,
				1617723A216807CD00A18DD9 /* AppDelegate.swift */,
				1617723E216807CD00A18DD9 /* Main.storyboard */,
				1617724F2168088900A18DD9 /* DocumentViewController.swift */,
				161772512168089C00A18DD9 /* DocumentsViewController.swift */,
				16177253216808AD00A18DD9 /* DocumentTableViewCell.swift */,
				161772592168162F00A18DD9 /* search.swift */,
				16177244216807CF00A18DD9 /* Assets.xcassets */,
				16177246216807CF00A18DD9 /* LaunchScreen.storyboard */,
				16177249216807CF00A18DD9 /* Info.plist */,
				16177241216807CD00A18DD9 /* DocumentsSearch.xcdatamodeld */,
			);
			path = DocumentsSearch;
			sourceTree = "<group>";
		};
/* End PBXGroup section */

/* Begin PBXNativeTarget section */
		16177236216807CD00A18DD9 /* DocumentsSearch */ = {
			isa = PBXNativeTarget;
			buildConfigurationList = 1617724C216807CF00A18DD9 /* Build configuration list for PBXNativeTarget "DocumentsSearch" */;
			buildPhases = (
				16177233216807CD00A18DD9 /* Sources */,
				16177234216807CD00A18DD9 /* Frameworks */,
				16177235216807CD00A18DD9 /* Resources */,
			);
			buildRules = (
			);
			dependencies = (
			);
			name = DocumentsSearch;
			productName = DocumentsSearch;
			productReference = 16177237216807CD00A18DD9 /* DocumentsSearch.app */;
			productType = "com.apple.product-type.application";
		};
/* End PBXNativeTarget section */

/* Begin PBXProject section */
		1617722F216807CD00A18DD9 /* Project object */ = {
			isa = PBXProject;
			attributes = {
				LastSwiftUpdateCheck = 1000;
				LastUpgradeCheck = 1000;
				ORGANIZATIONNAME = "Anand Kulkarni";
				TargetAttributes = {
					16177236216807CD00A18DD9 = {
						CreatedOnToolsVersion = 10.0;
					};
				};
			};
			buildConfigurationList = 16177232216807CD00A18DD9 /* Build configuration list for PBXProject "DocumentsSearch" */;
			compatibilityVersion = "Xcode 9.3";
			developmentRegion = en;
			hasScannedForEncodings = 0;
			knownRegions = (
				en,
				Base,
			);
			mainGroup = 1617722E216807CD00A18DD9;
			productRefGroup = 16177238216807CD00A18DD9 /* Products */;
			projectDirPath = "";
			projectRoot = "";
			targets = (
				16177236216807CD00A18DD9 /* DocumentsSearch */,
			);
		};
/* End PBXProject section */

/* Begin PBXResourcesBuildPhase section */
		16177235216807CD00A18DD9 /* Resources */ = {
			isa = PBXResourcesBuildPhase;
			buildActionMask = 2147483647;
			files = (
				16177248216807CF00A18DD9 /* LaunchScreen.storyboard in Resources */,
				16177245216807CF00A18DD9 /* Assets.xcassets in Resources */,
				16177240216807CD00A18DD9 /* Main.storyboard in Resources */,
			);
			runOnlyForDeploymentPostprocessing = 0;
		};
/* End PBXResourcesBuildPhase section */

/* Begin PBXSourcesBuildPhase section */
		16177233216807CD00A18DD9 /* Sources */ = {
			isa = PBXSourcesBuildPhase;
			buildActionMask = 2147483647;
			files = (
				1617725721680F8C00A18DD9 /* Document+CoreDataClass.swift in Sources */,
				161772502168088900A18DD9 /* DocumentViewController.swift in Sources */,
				1617725821680F8C00A18DD9 /* Document+CoreDataProperties.swift in Sources */,
				16177254216808AD00A18DD9 /* DocumentTableViewCell.swift in Sources */,
				161772522168089C00A18DD9 /* DocumentsViewController.swift in Sources */,
				1617725A2168162F00A18DD9 /* search.swift in Sources */,
				16177243216807CD00A18DD9 /* DocumentsSearch.xcdatamodeld in Sources */,
				1617723B216807CD00A18DD9 /* AppDelegate.swift in Sources */,
			);
			runOnlyForDeploymentPostprocessing = 0;
		};
/* End PBXSourcesBuildPhase section */

/* Begin PBXVariantGroup section */
		1617723E216807CD00A18DD9 /* Main.storyboard */ = {
			isa = PBXVariantGroup;
			children = (
				1617723F216807CD00A18DD9 /* Base */,
			);
			name = Main.storyboard;
			sourceTree = "<group>";
		};
		16177246216807CF00A18DD9 /* LaunchScreen.storyboard */ = {
			isa = PBXVariantGroup;
			children = (
				16177247216807CF00A18DD9 /* Base */,
			);
			name = LaunchScreen.storyboard;
			sourceTree = "<group>";
		};
/* End PBXVariantGroup section */

/* Begin XCBuildConfiguration section */
		1617724A216807CF00A18DD9 /* Debug */ = {
			isa = XCBuildConfiguration;
			buildSettings = {
				ALWAYS_SEARCH_USER_PATHS = NO;
				CLANG_ANALYZER_NONNULL = YES;
				CLANG_ANALYZER_NUMBER_OBJECT_CONVERSION = YES_AGGRESSIVE;
				CLANG_CXX_LANGUAGE_STANDARD = "gnu++14";
				CLANG_CXX_LIBRARY = "libc++";
				CLANG_ENABLE_MODULES = YES;
				CLANG_ENABLE_OBJC_ARC = YES;
				CLANG_ENABLE_OBJC_WEAK = YES;
				CLANG_WARN_BLOCK_CAPTURE_AUTORELEASING = YES;
				CLANG_WARN_BOOL_CONVERSION = YES;
				CLANG_WARN_COMMA = YES;
				CLANG_WARN_CONSTANT_CONVERSION = YES;
				CLANG_WARN_DEPRECATED_OBJC_IMPLEMENTATIONS = YES;
				CLANG_WARN_DIRECT_OBJC_ISA_USAGE = YES_ERROR;
				CLANG_WARN_DOCUMENTATION_COMMENTS = YES;
				CLANG_WARN_EMPTY_BODY = YES;
				CLANG_WARN_ENUM_CONVERSION = YES;
				CLANG_WARN_INFINITE_RECURSION = YES;
				CLANG_WARN_INT_CONVERSION = YES;
				CLANG_WARN_NON_LITERAL_NULL_CONVERSION = YES;
				CLANG_WARN_OBJC_IMPLICIT_RETAIN_SELF = YES;
				CLANG_WARN_OBJC_LITERAL_CONVERSION = YES;
				CLANG_WARN_OBJC_ROOT_CLASS = YES_ERROR;
				CLANG_WARN_RANGE_LOOP_ANALYSIS = YES;
				CLANG_WARN_STRICT_PROTOTYPES = YES;
				CLANG_WARN_SUSPICIOUS_MOVE = YES;
				CLANG_WARN_UNGUARDED_AVAILABILITY = YES_AGGRESSIVE;
				CLANG_WARN_UNREACHABLE_CODE = YES;
				CLANG_WARN__DUPLICATE_METHOD_MATCH = YES;
				CODE_SIGN_IDENTITY = "iPhone Developer";
				COPY_PHASE_STRIP = NO;
				DEBUG_INFORMATION_FORMAT = dwarf;
				ENABLE_STRICT_OBJC_MSGSEND = YES;
				ENABLE_TESTABILITY = YES;
				GCC_C_LANGUAGE_STANDARD = gnu11;
				GCC_DYNAMIC_NO_PIC = NO;
				GCC_NO_COMMON_BLOCKS = YES;
				GCC_OPTIMIZATION_LEVEL = 0;
				GCC_PREPROCESSOR_DEFINITIONS = (
					"DEBUG=1",
					"$(inherited)",
				);
				GCC_WARN_64_TO_32_BIT_CONVERSION = YES;
				GCC_WARN_ABOUT_RETURN_TYPE = YES_ERROR;
				GCC_WARN_UNDECLARED_SELECTOR = YES;
				GCC_WARN_UNINITIALIZED_AUTOS = YES_AGGRESSIVE;
				GCC_WARN_UNUSED_FUNCTION = YES;
				GCC_WARN_UNUSED_VARIABLE = YES;
				IPHONEOS_DEPLOYMENT_TARGET = 12.0;
				MTL_ENABLE_DEBUG_INFO = INCLUDE_SOURCE;
				MTL_FAST_MATH = YES;
				ONLY_ACTIVE_ARCH = YES;
				SDKROOT = iphoneos;
				SWIFT_ACTIVE_COMPILATION_CONDITIONS = DEBUG;
				SWIFT_OPTIMIZATION_LEVEL = "-Onone";
			};
			name = Debug;
		};
		1617724B216807CF00A18DD9 /* Release */ = {
			isa = XCBuildConfiguration;
			buildSettings = {
				ALWAYS_SEARCH_USER_PATHS = NO;
				CLANG_ANALYZER_NONNULL = YES;
				CLANG_ANALYZER_NUMBER_OBJECT_CONVERSION = YES_AGGRESSIVE;
				CLANG_CXX_LANGUAGE_STANDARD = "gnu++14";
				CLANG_CXX_LIBRARY = "libc++";
				CLANG_ENABLE_MODULES = YES;
				CLANG_ENABLE_OBJC_ARC = YES;
				CLANG_ENABLE_OBJC_WEAK = YES;
				CLANG_WARN_BLOCK_CAPTURE_AUTORELEASING = YES;
				CLANG_WARN_BOOL_CONVERSION = YES;
				CLANG_WARN_COMMA = YES;
				CLANG_WARN_CONSTANT_CONVERSION = YES;
				CLANG_WARN_DEPRECATED_OBJC_IMPLEMENTATIONS = YES;
				CLANG_WARN_DIRECT_OBJC_ISA_USAGE = YES_ERROR;
				CLANG_WARN_DOCUMENTATION_COMMENTS = YES;
				CLANG_WARN_EMPTY_BODY = YES;
				CLANG_WARN_ENUM_CONVERSION = YES;
				CLANG_WARN_INFINITE_RECURSION = YES;
				CLANG_WARN_INT_CONVERSION = YES;
				CLANG_WARN_NON_LITERAL_NULL_CONVERSION = YES;
				CLANG_WARN_OBJC_IMPLICIT_RETAIN_SELF = YES;
				CLANG_WARN_OBJC_LITERAL_CONVERSION = YES;
				CLANG_WARN_OBJC_ROOT_CLASS = YES_ERROR;
				CLANG_WARN_RANGE_LOOP_ANALYSIS = YES;
				CLANG_WARN_STRICT_PROTOTYPES = YES;
				CLANG_WARN_SUSPICIOUS_MOVE = YES;
				CLANG_WARN_UNGUARDED_AVAILABILITY = YES_AGGRESSIVE;
				CLANG_WARN_UNREACHABLE_CODE = YES;
				CLANG_WARN__DUPLICATE_METHOD_MATCH = YES;
				CODE_SIGN_IDENTITY = "iPhone Developer";
				COPY_PHASE_STRIP = NO;
				DEBUG_INFORMATION_FORMAT = "dwarf-with-dsym";
				ENABLE_NS_ASSERTIONS = NO;
				ENABLE_STRICT_OBJC_MSGSEND = YES;
				GCC_C_LANGUAGE_STANDARD = gnu11;
				GCC_NO_COMMON_BLOCKS = YES;
				GCC_WARN_64_TO_32_BIT_CONVERSION = YES;
				GCC_WARN_ABOUT_RETURN_TYPE = YES_ERROR;
				GCC_WARN_UNDECLARED_SELECTOR = YES;
				GCC_WARN_UNINITIALIZED_AUTOS = YES_AGGRESSIVE;
				GCC_WARN_UNUSED_FUNCTION = YES;
				GCC_WARN_UNUSED_VARIABLE = YES;
				IPHONEOS_DEPLOYMENT_TARGET = 12.0;
				MTL_ENABLE_DEBUG_INFO = NO;
				MTL_FAST_MATH = YES;
				SDKROOT = iphoneos;
				SWIFT_COMPILATION_MODE = wholemodule;
				SWIFT_OPTIMIZATION_LEVEL = "-O";
				VALIDATE_PRODUCT = YES;
			};
			name = Release;
		};
		1617724D216807CF00A18DD9 /* Debug */ = {
			isa = XCBuildConfiguration;
			buildSettings = {
				ASSETCATALOG_COMPILER_APPICON_NAME = AppIcon;
				CODE_SIGN_STYLE = Automatic;
				DEVELOPMENT_TEAM = XJ56668B42;
				INFOPLIST_FILE = DocumentsSearch/Info.plist;
				LD_RUNPATH_SEARCH_PATHS = (
					"$(inherited)",
					"@executable_path/Frameworks",
				);
				PRODUCT_BUNDLE_IDENTIFIER = "arktk8-mail.missouri.edu.DocumentsSearch";
				PRODUCT_NAME = "$(TARGET_NAME)";
				SWIFT_VERSION = 4.2;
				TARGETED_DEVICE_FAMILY = "1,2";
			};
			name = Debug;
		};
		1617724E216807CF00A18DD9 /* Release */ = {
			isa = XCBuildConfiguration;
			buildSettings = {
				ASSETCATALOG_COMPILER_APPICON_NAME = AppIcon;
				CODE_SIGN_STYLE = Automatic;
				DEVELOPMENT_TEAM = XJ56668B42;
				INFOPLIST_FILE = DocumentsSearch/Info.plist;
				LD_RUNPATH_SEARCH_PATHS = (
					"$(inherited)",
					"@executable_path/Frameworks",
				);
				PRODUCT_BUNDLE_IDENTIFIER = "arktk8-mail.missouri.edu.DocumentsSearch";
				PRODUCT_NAME = "$(TARGET_NAME)";
				SWIFT_VERSION = 4.2;
				TARGETED_DEVICE_FAMILY = "1,2";
			};
			name = Release;
		};
/* End XCBuildConfiguration section */

/* Begin XCConfigurationList section */
		16177232216807CD00A18DD9 /* Build configuration list for PBXProject "DocumentsSearch" */ = {
			isa = XCConfigurationList;
			buildConfigurations = (
				1617724A216807CF00A18DD9 /* Debug */,
				1617724B216807CF00A18DD9 /* Release */,
			);
			defaultConfigurationIsVisible = 0;
			defaultConfigurationName = Release;
		};
		1617724C216807CF00A18DD9 /* Build configuration list for PBXNativeTarget "DocumentsSearch" */ = {
			isa = XCConfigurationList;
			buildConfigurations = (
				1617724D216807CF00A18DD9 /* Debug */,
				1617724E216807CF00A18DD9 /* Release */,
			);
			defaultConfigurationIsVisible = 0;
			defaultConfigurationName = Release;
		};
/* End XCConfigurationList section */

/* Begin XCVersionGroup section */
		16177241216807CD00A18DD9 /* DocumentsSearch.xcdatamodeld */ = {
			isa = XCVersionGroup;
			children = (
				16177242216807CD00A18DD9 /* DocumentsSearch.xcdatamodel */,
			);
			currentVersion = 16177242216807CD00A18DD9 /* DocumentsSearch.xcdatamodel */;
			path = DocumentsSearch.xcdatamodeld;
			sourceTree = "<group>";
			versionGroupType = wrapper.xcdatamodel;
		};
/* End XCVersionGroup section */
	};
	rootObject = 1617722F216807CD00A18DD9 /* Project object */;
}
